// !$*UTF8*$!
{
	archiveVersion = 1;
	classes = {
	};
	objectVersion = 55;
	objects = {

/* Begin PBXBuildFile section */
		E0178A6B28C1284700B78EC7 /* URLSessionHTTPClient.swift in Sources */ = {isa = PBXBuildFile; fileRef = E0178A6A28C1284700B78EC7 /* URLSessionHTTPClient.swift */; };
		E0178A7328C13BF500B78EC7 /* EssentialFeedAPIEndToEndTests.swift in Sources */ = {isa = PBXBuildFile; fileRef = E0178A7228C13BF500B78EC7 /* EssentialFeedAPIEndToEndTests.swift */; };
		E0178A7428C13BF500B78EC7 /* EssentialFeed.framework in Frameworks */ = {isa = PBXBuildFile; fileRef = E0D7C7A528B675A6009D8AFE /* EssentialFeed.framework */; };
		E042046F28BB9324006FEAAF /* HTTPClient.swift in Sources */ = {isa = PBXBuildFile; fileRef = E042046E28BB9324006FEAAF /* HTTPClient.swift */; };
		E042047128BB93AC006FEAAF /* FeedItemsMapper.swift in Sources */ = {isa = PBXBuildFile; fileRef = E042047028BB93AC006FEAAF /* FeedItemsMapper.swift */; };
		E042047428BBECDD006FEAAF /* URLSessionHTTPClientTests.swift in Sources */ = {isa = PBXBuildFile; fileRef = E042047328BBECDD006FEAAF /* URLSessionHTTPClientTests.swift */; };
		E043926928BFE42200E5227B /* XCTestCase-MemoryLeakTrackingHelper.swift in Sources */ = {isa = PBXBuildFile; fileRef = E043926828BFE42200E5227B /* XCTestCase-MemoryLeakTrackingHelper.swift */; };
		E0ADB5EE28C1B146002E2573 /* XCTestCase-MemoryLeakTrackingHelper.swift in Sources */ = {isa = PBXBuildFile; fileRef = E043926828BFE42200E5227B /* XCTestCase-MemoryLeakTrackingHelper.swift */; };
		E0D7C7AE28B675A6009D8AFE /* EssentialFeed.framework in Frameworks */ = {isa = PBXBuildFile; fileRef = E0D7C7A528B675A6009D8AFE /* EssentialFeed.framework */; };
		E0D7C7BE28B6771D009D8AFE /* FeedItem.swift in Sources */ = {isa = PBXBuildFile; fileRef = E0D7C7BD28B6771D009D8AFE /* FeedItem.swift */; };
		E0D7C7C028B67B5C009D8AFE /* FeedLoader.swift in Sources */ = {isa = PBXBuildFile; fileRef = E0D7C7BF28B67B5C009D8AFE /* FeedLoader.swift */; };
		E0D7C7C428B67D19009D8AFE /* RemoteFeedLoaderTests.swift in Sources */ = {isa = PBXBuildFile; fileRef = E0D7C7C328B67D19009D8AFE /* RemoteFeedLoaderTests.swift */; };
		E0DE396128B7BF3E0019BD21 /* RemoteFeedLoader.swift in Sources */ = {isa = PBXBuildFile; fileRef = E0DE396028B7BF3E0019BD21 /* RemoteFeedLoader.swift */; };
/* End PBXBuildFile section */

/* Begin PBXContainerItemProxy section */
		E0178A7528C13BF500B78EC7 /* PBXContainerItemProxy */ = {
			isa = PBXContainerItemProxy;
			containerPortal = E0D7C79C28B675A6009D8AFE /* Project object */;
			proxyType = 1;
			remoteGlobalIDString = E0D7C7A428B675A6009D8AFE;
			remoteInfo = EssentialFeed;
		};
		E0D7C7AF28B675A6009D8AFE /* PBXContainerItemProxy */ = {
			isa = PBXContainerItemProxy;
			containerPortal = E0D7C79C28B675A6009D8AFE /* Project object */;
			proxyType = 1;
			remoteGlobalIDString = E0D7C7A428B675A6009D8AFE;
			remoteInfo = EssentialFeed;
		};
/* End PBXContainerItemProxy section */

/* Begin PBXFileReference section */
		E0178A6A28C1284700B78EC7 /* URLSessionHTTPClient.swift */ = {isa = PBXFileReference; lastKnownFileType = sourcecode.swift; path = URLSessionHTTPClient.swift; sourceTree = SOURCE_ROOT; };
		E0178A7028C13BF500B78EC7 /* EssentialFeedAPIEndToEndTests.xctest */ = {isa = PBXFileReference; explicitFileType = wrapper.cfbundle; includeInIndex = 0; path = EssentialFeedAPIEndToEndTests.xctest; sourceTree = BUILT_PRODUCTS_DIR; };
		E0178A7228C13BF500B78EC7 /* EssentialFeedAPIEndToEndTests.swift */ = {isa = PBXFileReference; lastKnownFileType = sourcecode.swift; path = EssentialFeedAPIEndToEndTests.swift; sourceTree = "<group>"; };
		E042046E28BB9324006FEAAF /* HTTPClient.swift */ = {isa = PBXFileReference; lastKnownFileType = sourcecode.swift; path = HTTPClient.swift; sourceTree = "<group>"; };
		E042047028BB93AC006FEAAF /* FeedItemsMapper.swift */ = {isa = PBXFileReference; lastKnownFileType = sourcecode.swift; path = FeedItemsMapper.swift; sourceTree = "<group>"; };
		E042047328BBECDD006FEAAF /* URLSessionHTTPClientTests.swift */ = {isa = PBXFileReference; lastKnownFileType = sourcecode.swift; path = URLSessionHTTPClientTests.swift; sourceTree = "<group>"; };
		E043926828BFE42200E5227B /* XCTestCase-MemoryLeakTrackingHelper.swift */ = {isa = PBXFileReference; lastKnownFileType = sourcecode.swift; path = "XCTestCase-MemoryLeakTrackingHelper.swift"; sourceTree = "<group>"; };
		E0D7C7A528B675A6009D8AFE /* EssentialFeed.framework */ = {isa = PBXFileReference; explicitFileType = wrapper.framework; includeInIndex = 0; path = EssentialFeed.framework; sourceTree = BUILT_PRODUCTS_DIR; };
		E0D7C7AD28B675A6009D8AFE /* EssentialFeedTests.xctest */ = {isa = PBXFileReference; explicitFileType = wrapper.cfbundle; includeInIndex = 0; path = EssentialFeedTests.xctest; sourceTree = BUILT_PRODUCTS_DIR; };
		E0D7C7BD28B6771D009D8AFE /* FeedItem.swift */ = {isa = PBXFileReference; lastKnownFileType = sourcecode.swift; path = FeedItem.swift; sourceTree = "<group>"; };
		E0D7C7BF28B67B5C009D8AFE /* FeedLoader.swift */ = {isa = PBXFileReference; lastKnownFileType = sourcecode.swift; path = FeedLoader.swift; sourceTree = "<group>"; };
		E0D7C7C328B67D19009D8AFE /* RemoteFeedLoaderTests.swift */ = {isa = PBXFileReference; lastKnownFileType = sourcecode.swift; path = RemoteFeedLoaderTests.swift; sourceTree = "<group>"; };
		E0DE396028B7BF3E0019BD21 /* RemoteFeedLoader.swift */ = {isa = PBXFileReference; lastKnownFileType = sourcecode.swift; path = RemoteFeedLoader.swift; sourceTree = "<group>"; };
/* End PBXFileReference section */

/* Begin PBXFrameworksBuildPhase section */
		E0178A6D28C13BF500B78EC7 /* Frameworks */ = {
			isa = PBXFrameworksBuildPhase;
			buildActionMask = 2147483647;
			files = (
				E0178A7428C13BF500B78EC7 /* EssentialFeed.framework in Frameworks */,
			);
			runOnlyForDeploymentPostprocessing = 0;
		};
		E0D7C7A228B675A6009D8AFE /* Frameworks */ = {
			isa = PBXFrameworksBuildPhase;
			buildActionMask = 2147483647;
			files = (
			);
			runOnlyForDeploymentPostprocessing = 0;
		};
		E0D7C7AA28B675A6009D8AFE /* Frameworks */ = {
			isa = PBXFrameworksBuildPhase;
			buildActionMask = 2147483647;
			files = (
				E0D7C7AE28B675A6009D8AFE /* EssentialFeed.framework in Frameworks */,
			);
			runOnlyForDeploymentPostprocessing = 0;
		};
/* End PBXFrameworksBuildPhase section */

/* Begin PBXGroup section */
		E0178A7128C13BF500B78EC7 /* EssentialFeedAPIEndToEndTests */ = {
			isa = PBXGroup;
			children = (
				E0178A7228C13BF500B78EC7 /* EssentialFeedAPIEndToEndTests.swift */,
			);
			path = EssentialFeedAPIEndToEndTests;
			sourceTree = "<group>";
		};
		E042047228BBCBF3006FEAAF /* Feed API */ = {
			isa = PBXGroup;
			children = (
				E043926728BFE3CA00E5227B /* Helpers */,
				E0D7C7C328B67D19009D8AFE /* RemoteFeedLoaderTests.swift */,
				E042047328BBECDD006FEAAF /* URLSessionHTTPClientTests.swift */,
			);
			path = "Feed API";
			sourceTree = "<group>";
		};
		E043926728BFE3CA00E5227B /* Helpers */ = {
			isa = PBXGroup;
			children = (
				E043926828BFE42200E5227B /* XCTestCase-MemoryLeakTrackingHelper.swift */,
			);
			path = Helpers;
			sourceTree = "<group>";
		};
		E0D7C79B28B675A6009D8AFE = {
			isa = PBXGroup;
			children = (
				E0D7C7A728B675A6009D8AFE /* EssentialFeed */,
				E0D7C7B128B675A6009D8AFE /* EssentialFeedTests */,
				E0178A7128C13BF500B78EC7 /* EssentialFeedAPIEndToEndTests */,
				E0D7C7A628B675A6009D8AFE /* Products */,
			);
			sourceTree = "<group>";
		};
		E0D7C7A628B675A6009D8AFE /* Products */ = {
			isa = PBXGroup;
			children = (
				E0D7C7A528B675A6009D8AFE /* EssentialFeed.framework */,
				E0D7C7AD28B675A6009D8AFE /* EssentialFeedTests.xctest */,
				E0178A7028C13BF500B78EC7 /* EssentialFeedAPIEndToEndTests.xctest */,
			);
			name = Products;
			sourceTree = "<group>";
		};
		E0D7C7A728B675A6009D8AFE /* EssentialFeed */ = {
			isa = PBXGroup;
			children = (
				E0D7C7BD28B6771D009D8AFE /* FeedItem.swift */,
				E0D7C7BF28B67B5C009D8AFE /* FeedLoader.swift */,
				E0DE395F28B7BF0B0019BD21 /* Feed API */,
			);
			path = EssentialFeed;
			sourceTree = "<group>";
		};
		E0D7C7B128B675A6009D8AFE /* EssentialFeedTests */ = {
			isa = PBXGroup;
			children = (
				E042047228BBCBF3006FEAAF /* Feed API */,
			);
			path = EssentialFeedTests;
			sourceTree = "<group>";
		};
		E0DE395F28B7BF0B0019BD21 /* Feed API */ = {
			isa = PBXGroup;
			children = (
				E0178A6A28C1284700B78EC7 /* URLSessionHTTPClient.swift */,
				E0DE396028B7BF3E0019BD21 /* RemoteFeedLoader.swift */,
				E042047028BB93AC006FEAAF /* FeedItemsMapper.swift */,
				E042046E28BB9324006FEAAF /* HTTPClient.swift */,
			);
			path = "Feed API";
			sourceTree = "<group>";
		};
/* End PBXGroup section */

/* Begin PBXHeadersBuildPhase section */
		E0D7C7A028B675A6009D8AFE /* Headers */ = {
			isa = PBXHeadersBuildPhase;
			buildActionMask = 2147483647;
			files = (
			);
			runOnlyForDeploymentPostprocessing = 0;
		};
/* End PBXHeadersBuildPhase section */

/* Begin PBXNativeTarget section */
		E0178A6F28C13BF500B78EC7 /* EssentialFeedAPIEndToEndTests */ = {
			isa = PBXNativeTarget;
			buildConfigurationList = E0178A7728C13BF500B78EC7 /* Build configuration list for PBXNativeTarget "EssentialFeedAPIEndToEndTests" */;
			buildPhases = (
				E0178A6C28C13BF500B78EC7 /* Sources */,
				E0178A6D28C13BF500B78EC7 /* Frameworks */,
				E0178A6E28C13BF500B78EC7 /* Resources */,
			);
			buildRules = (
			);
			dependencies = (
				E0178A7628C13BF500B78EC7 /* PBXTargetDependency */,
			);
			name = EssentialFeedAPIEndToEndTests;
			productName = EssentialFeedAPIEndToEndTests;
			productReference = E0178A7028C13BF500B78EC7 /* EssentialFeedAPIEndToEndTests.xctest */;
			productType = "com.apple.product-type.bundle.unit-test";
		};
		E0D7C7A428B675A6009D8AFE /* EssentialFeed */ = {
			isa = PBXNativeTarget;
			buildConfigurationList = E0D7C7B728B675A6009D8AFE /* Build configuration list for PBXNativeTarget "EssentialFeed" */;
			buildPhases = (
				E0D7C7A028B675A6009D8AFE /* Headers */,
				E0D7C7A128B675A6009D8AFE /* Sources */,
				E0D7C7A228B675A6009D8AFE /* Frameworks */,
				E0D7C7A328B675A6009D8AFE /* Resources */,
			);
			buildRules = (
			);
			dependencies = (
			);
			name = EssentialFeed;
			productName = EssentialFeed;
			productReference = E0D7C7A528B675A6009D8AFE /* EssentialFeed.framework */;
			productType = "com.apple.product-type.framework";
		};
		E0D7C7AC28B675A6009D8AFE /* EssentialFeedTests */ = {
			isa = PBXNativeTarget;
			buildConfigurationList = E0D7C7BA28B675A6009D8AFE /* Build configuration list for PBXNativeTarget "EssentialFeedTests" */;
			buildPhases = (
				E0D7C7A928B675A6009D8AFE /* Sources */,
				E0D7C7AA28B675A6009D8AFE /* Frameworks */,
				E0D7C7AB28B675A6009D8AFE /* Resources */,
			);
			buildRules = (
			);
			dependencies = (
				E0D7C7B028B675A6009D8AFE /* PBXTargetDependency */,
			);
			name = EssentialFeedTests;
			productName = EssentialFeedTests;
			productReference = E0D7C7AD28B675A6009D8AFE /* EssentialFeedTests.xctest */;
			productType = "com.apple.product-type.bundle.unit-test";
		};
/* End PBXNativeTarget section */

/* Begin PBXProject section */
		E0D7C79C28B675A6009D8AFE /* Project object */ = {
			isa = PBXProject;
			attributes = {
				BuildIndependentTargetsInParallel = 1;
				LastSwiftUpdateCheck = 1340;
				LastUpgradeCheck = 1340;
				TargetAttributes = {
					E0178A6F28C13BF500B78EC7 = {
						CreatedOnToolsVersion = 13.4.1;
					};
					E0D7C7A428B675A6009D8AFE = {
						CreatedOnToolsVersion = 13.4.1;
						LastSwiftMigration = 1340;
					};
					E0D7C7AC28B675A6009D8AFE = {
						CreatedOnToolsVersion = 13.4.1;
						LastSwiftMigration = 1340;
					};
				};
			};
			buildConfigurationList = E0D7C79F28B675A6009D8AFE /* Build configuration list for PBXProject "EssentialFeed" */;
			compatibilityVersion = "Xcode 13.0";
			developmentRegion = en;
			hasScannedForEncodings = 0;
			knownRegions = (
				en,
				Base,
			);
			mainGroup = E0D7C79B28B675A6009D8AFE;
			productRefGroup = E0D7C7A628B675A6009D8AFE /* Products */;
			projectDirPath = "";
			projectRoot = "";
			targets = (
				E0D7C7A428B675A6009D8AFE /* EssentialFeed */,
				E0D7C7AC28B675A6009D8AFE /* EssentialFeedTests */,
				E0178A6F28C13BF500B78EC7 /* EssentialFeedAPIEndToEndTests */,
			);
		};
/* End PBXProject section */

/* Begin PBXResourcesBuildPhase section */
		E0178A6E28C13BF500B78EC7 /* Resources */ = {
			isa = PBXResourcesBuildPhase;
			buildActionMask = 2147483647;
			files = (
			);
			runOnlyForDeploymentPostprocessing = 0;
		};
		E0D7C7A328B675A6009D8AFE /* Resources */ = {
			isa = PBXResourcesBuildPhase;
			buildActionMask = 2147483647;
			files = (
			);
			runOnlyForDeploymentPostprocessing = 0;
		};
		E0D7C7AB28B675A6009D8AFE /* Resources */ = {
			isa = PBXResourcesBuildPhase;
			buildActionMask = 2147483647;
			files = (
			);
			runOnlyForDeploymentPostprocessing = 0;
		};
/* End PBXResourcesBuildPhase section */

/* Begin PBXSourcesBuildPhase section */
		E0178A6C28C13BF500B78EC7 /* Sources */ = {
			isa = PBXSourcesBuildPhase;
			buildActionMask = 2147483647;
			files = (
				E0178A7328C13BF500B78EC7 /* EssentialFeedAPIEndToEndTests.swift in Sources */,
				E0ADB5EE28C1B146002E2573 /* XCTestCase-MemoryLeakTrackingHelper.swift in Sources */,
			);
			runOnlyForDeploymentPostprocessing = 0;
		};
		E0D7C7A128B675A6009D8AFE /* Sources */ = {
			isa = PBXSourcesBuildPhase;
			buildActionMask = 2147483647;
			files = (
				E042047128BB93AC006FEAAF /* FeedItemsMapper.swift in Sources */,
				E0D7C7C028B67B5C009D8AFE /* FeedLoader.swift in Sources */,
				E0DE396128B7BF3E0019BD21 /* RemoteFeedLoader.swift in Sources */,
				E042046F28BB9324006FEAAF /* HTTPClient.swift in Sources */,
				E0D7C7BE28B6771D009D8AFE /* FeedItem.swift in Sources */,
				E0178A6B28C1284700B78EC7 /* URLSessionHTTPClient.swift in Sources */,
			);
			runOnlyForDeploymentPostprocessing = 0;
		};
		E0D7C7A928B675A6009D8AFE /* Sources */ = {
			isa = PBXSourcesBuildPhase;
			buildActionMask = 2147483647;
			files = (
				E043926928BFE42200E5227B /* XCTestCase-MemoryLeakTrackingHelper.swift in Sources */,
				E0D7C7C428B67D19009D8AFE /* RemoteFeedLoaderTests.swift in Sources */,
				E042047428BBECDD006FEAAF /* URLSessionHTTPClientTests.swift in Sources */,
			);
			runOnlyForDeploymentPostprocessing = 0;
		};
/* End PBXSourcesBuildPhase section */

/* Begin PBXTargetDependency section */
		E0178A7628C13BF500B78EC7 /* PBXTargetDependency */ = {
			isa = PBXTargetDependency;
			target = E0D7C7A428B675A6009D8AFE /* EssentialFeed */;
			targetProxy = E0178A7528C13BF500B78EC7 /* PBXContainerItemProxy */;
		};
		E0D7C7B028B675A6009D8AFE /* PBXTargetDependency */ = {
			isa = PBXTargetDependency;
			target = E0D7C7A428B675A6009D8AFE /* EssentialFeed */;
			targetProxy = E0D7C7AF28B675A6009D8AFE /* PBXContainerItemProxy */;
		};
/* End PBXTargetDependency section */

/* Begin XCBuildConfiguration section */
		E0178A7828C13BF500B78EC7 /* Debug */ = {
			isa = XCBuildConfiguration;
			buildSettings = {
				CODE_SIGN_STYLE = Automatic;
				CURRENT_PROJECT_VERSION = 1;
				DEVELOPMENT_TEAM = MY5VCHB8ER;
				GENERATE_INFOPLIST_FILE = YES;
				MARKETING_VERSION = 1.0;
				PRODUCT_BUNDLE_IDENTIFIER = com.shujaat.wemo.EssentialFeedAPIEndToEndTests;
				PRODUCT_NAME = "$(TARGET_NAME)";
				SWIFT_EMIT_LOC_STRINGS = NO;
				SWIFT_VERSION = 5.0;
			};
			name = Debug;
		};
		E0178A7928C13BF500B78EC7 /* Release */ = {
			isa = XCBuildConfiguration;
			buildSettings = {
				CODE_SIGN_STYLE = Automatic;
				CURRENT_PROJECT_VERSION = 1;
				DEVELOPMENT_TEAM = MY5VCHB8ER;
				GENERATE_INFOPLIST_FILE = YES;
				MARKETING_VERSION = 1.0;
				PRODUCT_BUNDLE_IDENTIFIER = com.shujaat.wemo.EssentialFeedAPIEndToEndTests;
				PRODUCT_NAME = "$(TARGET_NAME)";
				SWIFT_EMIT_LOC_STRINGS = NO;
				SWIFT_VERSION = 5.0;
			};
			name = Release;
		};
		E0D7C7B528B675A6009D8AFE /* Debug */ = {
			isa = XCBuildConfiguration;
			buildSettings = {
				ALWAYS_SEARCH_USER_PATHS = NO;
				CLANG_ANALYZER_NONNULL = YES;
				CLANG_ANALYZER_NUMBER_OBJECT_CONVERSION = YES_AGGRESSIVE;
				CLANG_CXX_LANGUAGE_STANDARD = "gnu++17";
				CLANG_ENABLE_MODULES = YES;
				CLANG_ENABLE_OBJC_ARC = YES;
				CLANG_ENABLE_OBJC_WEAK = YES;
				CLANG_WARN_BLOCK_CAPTURE_AUTORELEASING = YES;
				CLANG_WARN_BOOL_CONVERSION = YES;
				CLANG_WARN_COMMA = YES;
				CLANG_WARN_CONSTANT_CONVERSION = YES;
				CLANG_WARN_DEPRECATED_OBJC_IMPLEMENTATIONS = YES;
				CLANG_WARN_DIRECT_OBJC_ISA_USAGE = YES_ERROR;
				CLANG_WARN_DOCUMENTATION_COMMENTS = YES;
				CLANG_WARN_EMPTY_BODY = YES;
				CLANG_WARN_ENUM_CONVERSION = YES;
				CLANG_WARN_INFINITE_RECURSION = YES;
				CLANG_WARN_INT_CONVERSION = YES;
				CLANG_WARN_NON_LITERAL_NULL_CONVERSION = YES;
				CLANG_WARN_OBJC_IMPLICIT_RETAIN_SELF = YES;
				CLANG_WARN_OBJC_LITERAL_CONVERSION = YES;
				CLANG_WARN_OBJC_ROOT_CLASS = YES_ERROR;
				CLANG_WARN_QUOTED_INCLUDE_IN_FRAMEWORK_HEADER = YES;
				CLANG_WARN_RANGE_LOOP_ANALYSIS = YES;
				CLANG_WARN_STRICT_PROTOTYPES = YES;
				CLANG_WARN_SUSPICIOUS_MOVE = YES;
				CLANG_WARN_UNGUARDED_AVAILABILITY = YES_AGGRESSIVE;
				CLANG_WARN_UNREACHABLE_CODE = YES;
				CLANG_WARN__DUPLICATE_METHOD_MATCH = YES;
				COPY_PHASE_STRIP = NO;
				CURRENT_PROJECT_VERSION = 1;
				DEBUG_INFORMATION_FORMAT = dwarf;
				ENABLE_STRICT_OBJC_MSGSEND = YES;
				ENABLE_TESTABILITY = YES;
				GCC_C_LANGUAGE_STANDARD = gnu11;
				GCC_DYNAMIC_NO_PIC = NO;
				GCC_NO_COMMON_BLOCKS = YES;
				GCC_OPTIMIZATION_LEVEL = 0;
				GCC_PREPROCESSOR_DEFINITIONS = (
					"DEBUG=1",
					"$(inherited)",
				);
				GCC_WARN_64_TO_32_BIT_CONVERSION = YES;
				GCC_WARN_ABOUT_RETURN_TYPE = YES_ERROR;
				GCC_WARN_UNDECLARED_SELECTOR = YES;
				GCC_WARN_UNINITIALIZED_AUTOS = YES_AGGRESSIVE;
				GCC_WARN_UNUSED_FUNCTION = YES;
				GCC_WARN_UNUSED_VARIABLE = YES;
				MACOSX_DEPLOYMENT_TARGET = 12.3;
				MTL_ENABLE_DEBUG_INFO = INCLUDE_SOURCE;
				MTL_FAST_MATH = YES;
				ONLY_ACTIVE_ARCH = YES;
				SDKROOT = macosx;
				SWIFT_ACTIVE_COMPILATION_CONDITIONS = DEBUG;
				SWIFT_OPTIMIZATION_LEVEL = "-Onone";
				VERSIONING_SYSTEM = "apple-generic";
				VERSION_INFO_PREFIX = "";
			};
			name = Debug;
		};
		E0D7C7B628B675A6009D8AFE /* Release */ = {
			isa = XCBuildConfiguration;
			buildSettings = {
				ALWAYS_SEARCH_USER_PATHS = NO;
				CLANG_ANALYZER_NONNULL = YES;
				CLANG_ANALYZER_NUMBER_OBJECT_CONVERSION = YES_AGGRESSIVE;
				CLANG_CXX_LANGUAGE_STANDARD = "gnu++17";
				CLANG_ENABLE_MODULES = YES;
				CLANG_ENABLE_OBJC_ARC = YES;
				CLANG_ENABLE_OBJC_WEAK = YES;
				CLANG_WARN_BLOCK_CAPTURE_AUTORELEASING = YES;
				CLANG_WARN_BOOL_CONVERSION = YES;
				CLANG_WARN_COMMA = YES;
				CLANG_WARN_CONSTANT_CONVERSION = YES;
				CLANG_WARN_DEPRECATED_OBJC_IMPLEMENTATIONS = YES;
				CLANG_WARN_DIRECT_OBJC_ISA_USAGE = YES_ERROR;
				CLANG_WARN_DOCUMENTATION_COMMENTS = YES;
				CLANG_WARN_EMPTY_BODY = YES;
				CLANG_WARN_ENUM_CONVERSION = YES;
				CLANG_WARN_INFINITE_RECURSION = YES;
				CLANG_WARN_INT_CONVERSION = YES;
				CLANG_WARN_NON_LITERAL_NULL_CONVERSION = YES;
				CLANG_WARN_OBJC_IMPLICIT_RETAIN_SELF = YES;
				CLANG_WARN_OBJC_LITERAL_CONVERSION = YES;
				CLANG_WARN_OBJC_ROOT_CLASS = YES_ERROR;
				CLANG_WARN_QUOTED_INCLUDE_IN_FRAMEWORK_HEADER = YES;
				CLANG_WARN_RANGE_LOOP_ANALYSIS = YES;
				CLANG_WARN_STRICT_PROTOTYPES = YES;
				CLANG_WARN_SUSPICIOUS_MOVE = YES;
				CLANG_WARN_UNGUARDED_AVAILABILITY = YES_AGGRESSIVE;
				CLANG_WARN_UNREACHABLE_CODE = YES;
				CLANG_WARN__DUPLICATE_METHOD_MATCH = YES;
				COPY_PHASE_STRIP = NO;
				CURRENT_PROJECT_VERSION = 1;
				DEBUG_INFORMATION_FORMAT = "dwarf-with-dsym";
				ENABLE_NS_ASSERTIONS = NO;
				ENABLE_STRICT_OBJC_MSGSEND = YES;
				GCC_C_LANGUAGE_STANDARD = gnu11;
				GCC_NO_COMMON_BLOCKS = YES;
				GCC_WARN_64_TO_32_BIT_CONVERSION = YES;
				GCC_WARN_ABOUT_RETURN_TYPE = YES_ERROR;
				GCC_WARN_UNDECLARED_SELECTOR = YES;
				GCC_WARN_UNINITIALIZED_AUTOS = YES_AGGRESSIVE;
				GCC_WARN_UNUSED_FUNCTION = YES;
				GCC_WARN_UNUSED_VARIABLE = YES;
				MACOSX_DEPLOYMENT_TARGET = 12.3;
				MTL_ENABLE_DEBUG_INFO = NO;
				MTL_FAST_MATH = YES;
				SDKROOT = macosx;
				SWIFT_COMPILATION_MODE = wholemodule;
				SWIFT_OPTIMIZATION_LEVEL = "-O";
				VERSIONING_SYSTEM = "apple-generic";
				VERSION_INFO_PREFIX = "";
			};
			name = Release;
		};
		E0D7C7B828B675A6009D8AFE /* Debug */ = {
			isa = XCBuildConfiguration;
			buildSettings = {
				CLANG_ENABLE_MODULES = YES;
				CODE_SIGN_STYLE = Automatic;
				COMBINE_HIDPI_IMAGES = YES;
				CURRENT_PROJECT_VERSION = 1;
				DEFINES_MODULE = YES;
				DEVELOPMENT_TEAM = MY5VCHB8ER;
				DYLIB_COMPATIBILITY_VERSION = 1;
				DYLIB_CURRENT_VERSION = 1;
				DYLIB_INSTALL_NAME_BASE = "@rpath";
				GENERATE_INFOPLIST_FILE = YES;
				INFOPLIST_KEY_NSHumanReadableCopyright = "";
				INSTALL_PATH = "$(LOCAL_LIBRARY_DIR)/Frameworks";
				LD_RUNPATH_SEARCH_PATHS = (
					"$(inherited)",
					"@executable_path/../Frameworks",
					"@loader_path/Frameworks",
				);
				MARKETING_VERSION = 1.0;
				PRODUCT_BUNDLE_IDENTIFIER = com.shujaat.wemo.EssentialFeed;
				PRODUCT_NAME = "$(TARGET_NAME:c99extidentifier)";
				SKIP_INSTALL = YES;
				SWIFT_EMIT_LOC_STRINGS = YES;
				SWIFT_OPTIMIZATION_LEVEL = "-Onone";
				SWIFT_VERSION = 5.0;
			};
			name = Debug;
		};
		E0D7C7B928B675A6009D8AFE /* Release */ = {
			isa = XCBuildConfiguration;
			buildSettings = {
				CLANG_ENABLE_MODULES = YES;
				CODE_SIGN_STYLE = Automatic;
				COMBINE_HIDPI_IMAGES = YES;
				CURRENT_PROJECT_VERSION = 1;
				DEFINES_MODULE = YES;
				DEVELOPMENT_TEAM = MY5VCHB8ER;
				DYLIB_COMPATIBILITY_VERSION = 1;
				DYLIB_CURRENT_VERSION = 1;
				DYLIB_INSTALL_NAME_BASE = "@rpath";
				GENERATE_INFOPLIST_FILE = YES;
				INFOPLIST_KEY_NSHumanReadableCopyright = "";
				INSTALL_PATH = "$(LOCAL_LIBRARY_DIR)/Frameworks";
				LD_RUNPATH_SEARCH_PATHS = (
					"$(inherited)",
					"@executable_path/../Frameworks",
					"@loader_path/Frameworks",
				);
				MARKETING_VERSION = 1.0;
				PRODUCT_BUNDLE_IDENTIFIER = com.shujaat.wemo.EssentialFeed;
				PRODUCT_NAME = "$(TARGET_NAME:c99extidentifier)";
				SKIP_INSTALL = YES;
				SWIFT_EMIT_LOC_STRINGS = YES;
				SWIFT_VERSION = 5.0;
			};
			name = Release;
		};
		E0D7C7BB28B675A6009D8AFE /* Debug */ = {
			isa = XCBuildConfiguration;
			buildSettings = {
				ALWAYS_EMBED_SWIFT_STANDARD_LIBRARIES = YES;
				CLANG_ENABLE_MODULES = YES;
				CODE_SIGN_STYLE = Automatic;
				CURRENT_PROJECT_VERSION = 1;
				DEVELOPMENT_TEAM = MY5VCHB8ER;
				GENERATE_INFOPLIST_FILE = YES;
				LD_RUNPATH_SEARCH_PATHS = (
					"$(inherited)",
					"@executable_path/../Frameworks",
					"@loader_path/../Frameworks",
				);
				MARKETING_VERSION = 1.0;
				PRODUCT_BUNDLE_IDENTIFIER = com.shujaat.wemo.EssentialFeedTests;
				PRODUCT_NAME = "$(TARGET_NAME)";
				SWIFT_EMIT_LOC_STRINGS = NO;
				SWIFT_OPTIMIZATION_LEVEL = "-Onone";
				SWIFT_VERSION = 5.0;
			};
			name = Debug;
		};
		E0D7C7BC28B675A6009D8AFE /* Release */ = {
			isa = XCBuildConfiguration;
			buildSettings = {
				ALWAYS_EMBED_SWIFT_STANDARD_LIBRARIES = YES;
				CLANG_ENABLE_MODULES = YES;
				CODE_SIGN_STYLE = Automatic;
				CURRENT_PROJECT_VERSION = 1;
				DEVELOPMENT_TEAM = MY5VCHB8ER;
				GENERATE_INFOPLIST_FILE = YES;
				LD_RUNPATH_SEARCH_PATHS = (
					"$(inherited)",
					"@executable_path/../Frameworks",
					"@loader_path/../Frameworks",
				);
				MARKETING_VERSION = 1.0;
				PRODUCT_BUNDLE_IDENTIFIER = com.shujaat.wemo.EssentialFeedTests;
				PRODUCT_NAME = "$(TARGET_NAME)";
				SWIFT_EMIT_LOC_STRINGS = NO;
				SWIFT_VERSION = 5.0;
			};
			name = Release;
		};
/* End XCBuildConfiguration section */

/* Begin XCConfigurationList section */
		E0178A7728C13BF500B78EC7 /* Build configuration list for PBXNativeTarget "EssentialFeedAPIEndToEndTests" */ = {
			isa = XCConfigurationList;
			buildConfigurations = (
				E0178A7828C13BF500B78EC7 /* Debug */,
				E0178A7928C13BF500B78EC7 /* Release */,
			);
			defaultConfigurationIsVisible = 0;
			defaultConfigurationName = Release;
		};
		E0D7C79F28B675A6009D8AFE /* Build configuration list for PBXProject "EssentialFeed" */ = {
			isa = XCConfigurationList;
			buildConfigurations = (
				E0D7C7B528B675A6009D8AFE /* Debug */,
				E0D7C7B628B675A6009D8AFE /* Release */,
			);
			defaultConfigurationIsVisible = 0;
			defaultConfigurationName = Release;
		};
		E0D7C7B728B675A6009D8AFE /* Build configuration list for PBXNativeTarget "EssentialFeed" */ = {
			isa = XCConfigurationList;
			buildConfigurations = (
				E0D7C7B828B675A6009D8AFE /* Debug */,
				E0D7C7B928B675A6009D8AFE /* Release */,
			);
			defaultConfigurationIsVisible = 0;
			defaultConfigurationName = Release;
		};
		E0D7C7BA28B675A6009D8AFE /* Build configuration list for PBXNativeTarget "EssentialFeedTests" */ = {
			isa = XCConfigurationList;
			buildConfigurations = (
				E0D7C7BB28B675A6009D8AFE /* Debug */,
				E0D7C7BC28B675A6009D8AFE /* Release */,
			);
			defaultConfigurationIsVisible = 0;
			defaultConfigurationName = Release;
		};
/* End XCConfigurationList section */
	};
	rootObject = E0D7C79C28B675A6009D8AFE /* Project object */;
}
